NeoBundleLock emmet-vim f4b097af50833964e15f17192f2d1c336e34936e
NeoBundleLock neobundle.vim 9c62a8fcf9eb42d3956c703943c99f06a63112e6
NeoBundleLock neocomplcache 778181767467b8f8016828898779a646074d883a
NeoBundleLock nerdtree 29cf96e45b4830a9a2351514fe102bb7a95a27d5
NeoBundleLock unite.vim db619c208bd0f75f0e5ee3db2ed029cd52020585
NeoBundleLock vim-autoclose a9a3b7384657bc1f60a963fd6c08c63fc48d61c3
NeoBundleLock vimfiler f2a2db7437bb1163e8e6b2d002dc063d1e0303ea
NeoBundleLock vimproc 25cb83f24edec4aec1e9f1329302235e7a7a7fe0
