NeoBundleLock emmet-vim f4b097af50833964e15f17192f2d1c336e34936e
NeoBundleLock indentLine 86b9824b89cf52d4b748ea2a27885607c98c881a
NeoBundleLock lightline.vim 836d4c84f76e7066bcfa4c6c60449714cf2b2c45
NeoBundleLock molokai c67bdfcdb31415aa0ade7f8c003261700a885476
NeoBundleLock neobundle.vim 9c62a8fcf9eb42d3956c703943c99f06a63112e6
NeoBundleLock neocomplete.vim fdf3883b209349513c7b2c2b9a19360544a25775
NeoBundleLock neosnippet 22bf9611263fcc9fd2c4bd61031053624ff82714
NeoBundleLock neosnippet-snippets 4431bf176650696d5a8dd93814812afd0d06212c
NeoBundleLock nerdtree 29cf96e45b4830a9a2351514fe102bb7a95a27d5
NeoBundleLock syntastic 734fde7f0b84ff3f670ab5772ed1b8b0c8c16770
NeoBundleLock unite.vim db619c208bd0f75f0e5ee3db2ed029cd52020585
NeoBundleLock vim-autoclose a9a3b7384657bc1f60a963fd6c08c63fc48d61c3
NeoBundleLock vim-trailing-whitespace 733fb64337b6da4a51c85a43450cd620d8b617b5
NeoBundleLock vimfiler f2a2db7437bb1163e8e6b2d002dc063d1e0303ea
NeoBundleLock vimproc 25cb83f24edec4aec1e9f1329302235e7a7a7fe0
