NeoBundleLock ctrlp.vim 838a6ddf249d3583c71f2651dacc5a1768ca4b75
NeoBundleLock emmet-vim ed79a9264d66def73c1ccc10198a58ebe1531ba4
NeoBundleLock indentLine a97b6d12ae06c2db524e2ceba976f1d4f4637cb7
NeoBundleLock lightline.vim 96d6d108bf6cd7bfdaa9872add4bb47d6ddbf7fd
NeoBundleLock molokai c67bdfcdb31415aa0ade7f8c003261700a885476
NeoBundleLock neobundle.vim 4c9a273fd085db60368b3f0fe5a4f2acf2c121df
NeoBundleLock neocomplete.vim 970cba438d3baf8239ccaaf53105bf880732507f
NeoBundleLock neosnippet b0d6b1c7e0a4ea1c72b10a859c8a5de938e1f708
NeoBundleLock neosnippet-snippets 63c9182d34a618f8dfc22d7c2a3f4ffe3d7101ef
NeoBundleLock nerdtree 5782b228e495c733af4ba2e547e5dc44ebc8bc25
NeoBundleLock syntastic 5e1b26c1724448c9d870b08dc93ce71528489333
NeoBundleLock syntastic-local-eslint.vim 5d6a68121c0d2e2727122a0f10b6b01f40666c10
NeoBundleLock tagbar 59ea6d656a0b5190f6f8f3fff44197d752782cc6
NeoBundleLock unite.vim ad15f96365b5cb43a45d0ca779df6a497f954f15
NeoBundleLock vim-autoclose a9a3b7384657bc1f60a963fd6c08c63fc48d61c3
NeoBundleLock vim-easy-align 1cd724dc239c3a0f7a12e0fac85945cc3dbe07b0
NeoBundleLock vim-fugitive 913fff1cea3aa1a08a360a494fa05555e59147f5
NeoBundleLock vim-gitgutter dc73a81bfe59a9de090b89a1312ded3c6f6a6f89
NeoBundleLock vim-tags e75dea76e488d9208ed73c53c46a4abee2695115
NeoBundleLock vim-trailing-whitespace 733fb64337b6da4a51c85a43450cd620d8b617b5
NeoBundleLock vimfiler 77645dc388ce04e9d951118336bca381e20c13ba
NeoBundleLock vimproc 03a38f283ca9e15784e8fea84e8afc5d633b9639
